{
  "originHash" : "5f924a0256666ab958f9080394ee06ec14d5f44494a405ff5ec70fe10da7442b",
  "pins" : [
    {
      "identity" : "abseil-cpp-binary",
      "kind" : "remoteSourceControl",
      "location" : "https://github.com/google/abseil-cpp-binary.git",
      "state" : {
        "revision" : "748c7837511d0e6a507737353af268484e1745e2",
        "version" : "1.2024011601.1"
      }
    },
    {
      "identity" : "app-check",
      "kind" : "remoteSourceControl",
      "location" : "https://github.com/google/app-check.git",
      "state" : {
        "revision" : "7d2688de038d5484866d835acb47b379722d610e",
        "version" : "10.19.0"
      }
    },
    {
      "identity" : "atlantis",
      "kind" : "remoteSourceControl",
      "location" : "https://github.com/ProxymanApp/atlantis",
      "state" : {
        "revision" : "5145a7041ec71421d09653db87dcc80c81792004",
        "version" : "1.24.0"
      }
    },
    {
      "identity" : "firebase-ios-sdk",
      "kind" : "remoteSourceControl",
      "location" : "https://github.com/firebase/firebase-ios-sdk",
      "state" : {
        "revision" : "42eae77a0af79e9c3f41df04a23c76f05cfdda77",
        "version" : "10.24.0"
      }
    },
    {
      "identity" : "googleappmeasurement",
      "kind" : "remoteSourceControl",
      "location" : "https://github.com/google/GoogleAppMeasurement.git",
      "state" : {
        "revision" : "51ba746a9d51a4bd0774b68499b0c73ef6e8570d",
        "version" : "10.24.0"
      }
    },
    {
      "identity" : "googledatatransport",
      "kind" : "remoteSourceControl",
      "location" : "https://github.com/google/GoogleDataTransport.git",
      "state" : {
        "revision" : "a637d318ae7ae246b02d7305121275bc75ed5565",
        "version" : "9.4.0"
      }
    },
    {
      "identity" : "googleutilities",
      "kind" : "remoteSourceControl",
      "location" : "https://github.com/google/GoogleUtilities.git",
      "state" : {
        "revision" : "26c898aed8bed13b8a63057ee26500abbbcb8d55",
        "version" : "7.13.1"
      }
    },
    {
      "identity" : "grpc-binary",
      "kind" : "remoteSourceControl",
      "location" : "https://github.com/google/grpc-binary.git",
      "state" : {
        "revision" : "e9fad491d0673bdda7063a0341fb6b47a30c5359",
        "version" : "1.62.2"
      }
    },
    {
      "identity" : "gtm-session-fetcher",
      "kind" : "remoteSourceControl",
      "location" : "https://github.com/google/gtm-session-fetcher.git",
      "state" : {
        "revision" : "0382ca27f22fb3494cf657d8dc356dc282cd1193",
        "version" : "3.4.1"
      }
    },
    {
      "identity" : "interop-ios-for-google-sdks",
      "kind" : "remoteSourceControl",
      "location" : "https://github.com/google/interop-ios-for-google-sdks.git",
      "state" : {
        "revision" : "2d12673670417654f08f5f90fdd62926dc3a2648",
        "version" : "100.0.0"
      }
    },
    {
      "identity" : "iqkeyboardmanager",
      "kind" : "remoteSourceControl",
      "location" : "https://github.com/hackiftekhar/IQKeyboardManager.git",
      "state" : {
        "revision" : "474f849accae40fe61b5302d9b057dd48ee073ba",
        "version" : "6.5.9"
      }
    },
    {
      "identity" : "keychainaccess",
      "kind" : "remoteSourceControl",
      "location" : "https://github.com/kishikawakatsumi/KeychainAccess.git",
      "state" : {
        "revision" : "84e546727d66f1adc5439debad16270d0fdd04e7",
        "version" : "4.2.2"
      }
    },
    {
      "identity" : "leveldb",
      "kind" : "remoteSourceControl",
      "location" : "https://github.com/firebase/leveldb.git",
      "state" : {
        "revision" : "a0bc79961d7be727d258d33d5a6b2f1023270ba1",
        "version" : "1.22.5"
      }
    },
    {
      "identity" : "nanopb",
      "kind" : "remoteSourceControl",
      "location" : "https://github.com/firebase/nanopb.git",
      "state" : {
        "revision" : "b7e1104502eca3a213b46303391ca4d3bc8ddec1",
        "version" : "2.30910.0"
      }
    },
    {
      "identity" : "nerdzappupdates",
      "kind" : "remoteSourceControl",
      "location" : "https://github.com/nerdzlab/NerdzAppUpdates",
      "state" : {
        "branch" : "provider/appstore",
        "revision" : "6ed4943d88bfc10bb7496eca1d1382d6d09c7779"
      }
    },
    {
      "identity" : "nerdzevents",
      "kind" : "remoteSourceControl",
      "location" : "https://github.com/nerdzlab/NerdzEvents.git",
      "state" : {
        "revision" : "068eb132b17c339fd9deaae02fb05f7f4ad54697",
        "version" : "1.0.10"
      }
    },
    {
      "identity" : "nerdzinject",
      "kind" : "remoteSourceControl",
      "location" : "https://github.com/nerdzlab/NerdzInject.git",
      "state" : {
        "revision" : "195cbaa0413bb05a5c46ad36a4c5ecb1f617e049",
        "version" : "1.1.2"
      }
    },
    {
      "identity" : "nerdznetworking",
      "kind" : "remoteSourceControl",
      "location" : "https://github.com/nerdzlab/NerdzNetworking.git",
      "state" : {
        "branch" : "master",
        "revision" : "b50788d478292a81b5eee2764e6ef089fb9b826f"
      }
    },
    {
      "identity" : "nerdzutils",
      "kind" : "remoteSourceControl",
      "location" : "https://github.com/nerdzlab/NerdzUtils",
      "state" : {
        "branch" : "master",
        "revision" : "3e6a6b5ff5c5ba1533fedcf8e1fd7a869295d419"
      }
    },
    {
      "identity" : "nerdzvalidation",
      "kind" : "remoteSourceControl",
      "location" : "https://github.com/nerdzlab/NerdzValidation",
      "state" : {
        "revision" : "52869a91994c7e446a64bd48e382c1c7d1876abe",
        "version" : "2.0.8"
      }
    },
    {
      "identity" : "nuke",
      "kind" : "remoteSourceControl",
      "location" : "https://github.com/kean/Nuke.git",
      "state" : {
        "revision" : "8e431251dea0081b6ab154dab61a6ec74e4b6577",
        "version" : "12.6.0"
      }
    },
    {
      "identity" : "promises",
      "kind" : "remoteSourceControl",
      "location" : "https://github.com/google/promises.git",
      "state" : {
        "revision" : "540318ecedd63d883069ae7f1ed811a2df00b6ac",
        "version" : "2.4.0"
      }
    },
    {
      "identity" : "reusable",
      "kind" : "remoteSourceControl",
      "location" : "https://github.com/AliSoftware/Reusable.git",
      "state" : {
        "branch" : "main",
        "revision" : "85e8ef7b2441433ffed2fc8cf4942961b70a83f6"
      }
    },
    {
      "identity" : "swift-protobuf",
      "kind" : "remoteSourceControl",
      "location" : "https://github.com/apple/swift-protobuf.git",
      "state" : {
        "revision" : "9f0c76544701845ad98716f3f6a774a892152bcb",
        "version" : "1.26.0"
      }
    },
    {
      "identity" : "tinyconstraints",
      "kind" : "remoteSourceControl",
      "location" : "https://github.com/roberthein/TinyConstraints.git",
      "state" : {
        "revision" : "3262e5c591d4ab6272255df2087a01bbebd138dc",
        "version" : "4.0.2"
      }
    },
    {
      "identity" : "trustkit",
      "kind" : "remoteSourceControl",
      "location" : "https://github.com/datatheorem/TrustKit.git",
      "state" : {
        "revision" : "65d573e0e2687ea91ab0b1be377f9dd3eb1c2785",
        "version" : "2.0.1"
      }
    },
    {
      "identity" : "version",
      "kind" : "remoteSourceControl",
      "location" : "https://github.com/mrackwitz/Version.git",
      "state" : {
        "revision" : "fd4b0eb5756aa7f1c33977fb626cf37d2140a3a0",
        "version" : "0.8.0"
      }
    }
  ],
  "version" : 3
}
